
Microsoft Visual Studio Solution File, Format Version 12.00
Project("{FAE04EC0-301F-11D3-BF4B-00C04F79EFBC}") = "Learning.Api", "Learning.Api\Learning.Api.csproj", "{2016701F-FFD7-4DBE-8291-1AC53E96ED3C}"
EndProject
Project("{FAE04EC0-301F-11D3-BF4B-00C04F79EFBC}") = "Learning.Domain", "Learning.Domain\Learning.Domain.csproj", "{D87FBD2A-BC89-4A0D-B99E-7CF2C1FC803A}"
EndProject
Project("{FAE04EC0-301F-11D3-BF4B-00C04F79EFBC}") = "Learning.Infrastructure", "Learning.Infrastructure\Learning.Infrastructure.csproj", "{5A41B268-8892-43C3-BF1B-4D5716FAED5B}"
EndProject
Global
	GlobalSection(SolutionConfigurationPlatforms) = preSolution
		Debug|Any CPU = Debug|Any CPU
		Release|Any CPU = Release|Any CPU
	EndGlobalSection
	GlobalSection(ProjectConfigurationPlatforms) = postSolution
		{2016701F-FFD7-4DBE-8291-1AC53E96ED3C}.Debug|Any CPU.ActiveCfg = Debug|Any CPU
		{2016701F-FFD7-4DBE-8291-1AC53E96ED3C}.Debug|Any CPU.Build.0 = Debug|Any CPU
		{2016701F-FFD7-4DBE-8291-1AC53E96ED3C}.Release|Any CPU.ActiveCfg = Release|Any CPU
		{2016701F-FFD7-4DBE-8291-1AC53E96ED3C}.Release|Any CPU.Build.0 = Release|Any CPU
		{D87FBD2A-BC89-4A0D-B99E-7CF2C1FC803A}.Debug|Any CPU.ActiveCfg = Debug|Any CPU
		{D87FBD2A-BC89-4A0D-B99E-7CF2C1FC803A}.Debug|Any CPU.Build.0 = Debug|Any CPU
		{D87FBD2A-BC89-4A0D-B99E-7CF2C1FC803A}.Release|Any CPU.ActiveCfg = Release|Any CPU
		{D87FBD2A-BC89-4A0D-B99E-7CF2C1FC803A}.Release|Any CPU.Build.0 = Release|Any CPU
		{5A41B268-8892-43C3-BF1B-4D5716FAED5B}.Debug|Any CPU.ActiveCfg = Debug|Any CPU
		{5A41B268-8892-43C3-BF1B-4D5716FAED5B}.Debug|Any CPU.Build.0 = Debug|Any CPU
		{5A41B268-8892-43C3-BF1B-4D5716FAED5B}.Release|Any CPU.ActiveCfg = Release|Any CPU
		{5A41B268-8892-43C3-BF1B-4D5716FAED5B}.Release|Any CPU.Build.0 = Release|Any CPU
	EndGlobalSection
EndGlobal
